// !$*UTF8*$!
{
	archiveVersion = 1;
	classes = {
	};
	objectVersion = 46;
	objects = {

/* Begin PBXBuildFile section */
		046A010E1A3ACF93002789B4 /* main.m in Sources */ = {isa = PBXBuildFile; fileRef = 046A010D1A3ACF93002789B4 /* main.m */; };
		046A01111A3ACF93002789B4 /* AppDelegate.m in Sources */ = {isa = PBXBuildFile; fileRef = 046A01101A3ACF93002789B4 /* AppDelegate.m */; };
		046A01131A3ACF93002789B4 /* Images.xcassets in Resources */ = {isa = PBXBuildFile; fileRef = 046A01121A3ACF93002789B4 /* Images.xcassets */; };
		046A01161A3ACF93002789B4 /* LaunchScreen.xib in Resources */ = {isa = PBXBuildFile; fileRef = 046A01141A3ACF93002789B4 /* LaunchScreen.xib */; };
		046A01221A3ACF93002789B4 /* segmentTests.m in Sources */ = {isa = PBXBuildFile; fileRef = 046A01211A3ACF93002789B4 /* segmentTests.m */; };
/* End PBXBuildFile section */

/* Begin PBXContainerItemProxy section */
		046A011C1A3ACF93002789B4 /* PBXContainerItemProxy */ = {
			isa = PBXContainerItemProxy;
			containerPortal = 046A01001A3ACF93002789B4 /* Project object */;
			proxyType = 1;
			remoteGlobalIDString = 046A01071A3ACF93002789B4;
			remoteInfo = segment;
		};
/* End PBXContainerItemProxy section */

/* Begin PBXFileReference section */
		046A01081A3ACF93002789B4 /* segment.app */ = {isa = PBXFileReference; explicitFileType = wrapper.application; includeInIndex = 0; path = segment.app; sourceTree = BUILT_PRODUCTS_DIR; };
		046A010C1A3ACF93002789B4 /* Info.plist */ = {isa = PBXFileReference; lastKnownFileType = text.plist.xml; path = Info.plist; sourceTree = "<group>"; };
		046A010D1A3ACF93002789B4 /* main.m */ = {isa = PBXFileReference; lastKnownFileType = sourcecode.c.objc; path = main.m; sourceTree = "<group>"; };
		046A010F1A3ACF93002789B4 /* AppDelegate.h */ = {isa = PBXFileReference; lastKnownFileType = sourcecode.c.h; path = AppDelegate.h; sourceTree = "<group>"; };
		046A01101A3ACF93002789B4 /* AppDelegate.m */ = {isa = PBXFileReference; lastKnownFileType = sourcecode.c.objc; path = AppDelegate.m; sourceTree = "<group>"; };
		046A01121A3ACF93002789B4 /* Images.xcassets */ = {isa = PBXFileReference; lastKnownFileType = folder.assetcatalog; path = Images.xcassets; sourceTree = "<group>"; };
		046A01151A3ACF93002789B4 /* Base */ = {isa = PBXFileReference; lastKnownFileType = file.xib; name = Base; path = Base.lproj/LaunchScreen.xib; sourceTree = "<group>"; };
		046A011B1A3ACF93002789B4 /* segmentTests.xctest */ = {isa = PBXFileReference; explicitFileType = wrapper.cfbundle; includeInIndex = 0; path = segmentTests.xctest; sourceTree = BUILT_PRODUCTS_DIR; };
		046A01201A3ACF93002789B4 /* Info.plist */ = {isa = PBXFileReference; lastKnownFileType = text.plist.xml; path = Info.plist; sourceTree = "<group>"; };
		046A01211A3ACF93002789B4 /* segmentTests.m */ = {isa = PBXFileReference; lastKnownFileType = sourcecode.c.objc; path = segmentTests.m; sourceTree = "<group>"; };
/* End PBXFileReference section */

/* Begin PBXFrameworksBuildPhase section */
		046A01051A3ACF93002789B4 /* Frameworks */ = {
			isa = PBXFrameworksBuildPhase;
			buildActionMask = 2147483647;
			files = (
			);
			runOnlyForDeploymentPostprocessing = 0;
		};
		046A01181A3ACF93002789B4 /* Frameworks */ = {
			isa = PBXFrameworksBuildPhase;
			buildActionMask = 2147483647;
			files = (
			);
			runOnlyForDeploymentPostprocessing = 0;
		};
/* End PBXFrameworksBuildPhase section */

/* Begin PBXGroup section */
		046A00FF1A3ACF93002789B4 = {
			isa = PBXGroup;
			children = (
				046A010A1A3ACF93002789B4 /* segment */,
				046A011E1A3ACF93002789B4 /* segmentTests */,
				046A01091A3ACF93002789B4 /* Products */,
			);
			sourceTree = "<group>";
		};
		046A01091A3ACF93002789B4 /* Products */ = {
			isa = PBXGroup;
			children = (
				046A01081A3ACF93002789B4 /* segment.app */,
				046A011B1A3ACF93002789B4 /* segmentTests.xctest */,
			);
			name = Products;
			sourceTree = "<group>";
		};
		046A010A1A3ACF93002789B4 /* segment */ = {
			isa = PBXGroup;
			children = (
				046A010F1A3ACF93002789B4 /* AppDelegate.h */,
				046A01101A3ACF93002789B4 /* AppDelegate.m */,
				046A01121A3ACF93002789B4 /* Images.xcassets */,
				046A01141A3ACF93002789B4 /* LaunchScreen.xib */,
				046A010B1A3ACF93002789B4 /* Supporting Files */,
			);
			path = segment;
			sourceTree = "<group>";
		};
		046A010B1A3ACF93002789B4 /* Supporting Files */ = {
			isa = PBXGroup;
			children = (
				046A010C1A3ACF93002789B4 /* Info.plist */,
				046A010D1A3ACF93002789B4 /* main.m */,
			);
			name = "Supporting Files";
			sourceTree = "<group>";
		};
		046A011E1A3ACF93002789B4 /* segmentTests */ = {
			isa = PBXGroup;
			children = (
				046A01211A3ACF93002789B4 /* segmentTests.m */,
				046A011F1A3ACF93002789B4 /* Supporting Files */,
			);
			path = segmentTests;
			sourceTree = "<group>";
		};
		046A011F1A3ACF93002789B4 /* Supporting Files */ = {
			isa = PBXGroup;
			children = (
				046A01201A3ACF93002789B4 /* Info.plist */,
			);
			name = "Supporting Files";
			sourceTree = "<group>";
		};
/* End PBXGroup section */

/* Begin PBXNativeTarget section */
		046A01071A3ACF93002789B4 /* segment */ = {
			isa = PBXNativeTarget;
			buildConfigurationList = 046A01251A3ACF93002789B4 /* Build configuration list for PBXNativeTarget "segment" */;
			buildPhases = (
				046A01041A3ACF93002789B4 /* Sources */,
				046A01051A3ACF93002789B4 /* Frameworks */,
				046A01061A3ACF93002789B4 /* Resources */,
			);
			buildRules = (
			);
			dependencies = (
			);
			name = segment;
			productName = segment;
			productReference = 046A01081A3ACF93002789B4 /* segment.app */;
			productType = "com.apple.product-type.application";
		};
		046A011A1A3ACF93002789B4 /* segmentTests */ = {
			isa = PBXNativeTarget;
			buildConfigurationList = 046A01281A3ACF93002789B4 /* Build configuration list for PBXNativeTarget "segmentTests" */;
			buildPhases = (
				046A01171A3ACF93002789B4 /* Sources */,
				046A01181A3ACF93002789B4 /* Frameworks */,
				046A01191A3ACF93002789B4 /* Resources */,
			);
			buildRules = (
			);
			dependencies = (
				046A011D1A3ACF93002789B4 /* PBXTargetDependency */,
			);
			name = segmentTests;
			productName = segmentTests;
			productReference = 046A011B1A3ACF93002789B4 /* segmentTests.xctest */;
			productType = "com.apple.product-type.bundle.unit-test";
		};
/* End PBXNativeTarget section */

/* Begin PBXProject section */
		046A01001A3ACF93002789B4 /* Project object */ = {
			isa = PBXProject;
			attributes = {
				LastUpgradeCheck = 0610;
				ORGANIZATIONNAME = Mac;
				TargetAttributes = {
					046A01071A3ACF93002789B4 = {
						CreatedOnToolsVersion = 6.1;
					};
					046A011A1A3ACF93002789B4 = {
						CreatedOnToolsVersion = 6.1;
						TestTargetID = 046A01071A3ACF93002789B4;
					};
				};
			};
			buildConfigurationList = 046A01031A3ACF93002789B4 /* Build configuration list for PBXProject "segment" */;
			compatibilityVersion = "Xcode 3.2";
			developmentRegion = English;
			hasScannedForEncodings = 0;
			knownRegions = (
				en,
				Base,
			);
			mainGroup = 046A00FF1A3ACF93002789B4;
			productRefGroup = 046A01091A3ACF93002789B4 /* Products */;
			projectDirPath = "";
			projectRoot = "";
			targets = (
				046A01071A3ACF93002789B4 /* segment */,
				046A011A1A3ACF93002789B4 /* segmentTests */,
			);
		};
/* End PBXProject section */

/* Begin PBXResourcesBuildPhase section */
		046A01061A3ACF93002789B4 /* Resources */ = {
			isa = PBXResourcesBuildPhase;
			buildActionMask = 2147483647;
			files = (
				046A01161A3ACF93002789B4 /* LaunchScreen.xib in Resources */,
				046A01131A3ACF93002789B4 /* Images.xcassets in Resources */,
			);
			runOnlyForDeploymentPostprocessing = 0;
		};
		046A01191A3ACF93002789B4 /* Resources */ = {
			isa = PBXResourcesBuildPhase;
			buildActionMask = 2147483647;
			files = (
			);
			runOnlyForDeploymentPostprocessing = 0;
		};
/* End PBXResourcesBuildPhase section */

/* Begin PBXSourcesBuildPhase section */
		046A01041A3ACF93002789B4 /* Sources */ = {
			isa = PBXSourcesBuildPhase;
			buildActionMask = 2147483647;
			files = (
				046A01111A3ACF93002789B4 /* AppDelegate.m in Sources */,
				046A010E1A3ACF93002789B4 /* main.m in Sources */,
			);
			runOnlyForDeploymentPostprocessing = 0;
		};
		046A01171A3ACF93002789B4 /* Sources */ = {
			isa = PBXSourcesBuildPhase;
			buildActionMask = 2147483647;
			files = (
				046A01221A3ACF93002789B4 /* segmentTests.m in Sources */,
			);
			runOnlyForDeploymentPostprocessing = 0;
		};
/* End PBXSourcesBuildPhase section */

/* Begin PBXTargetDependency section */
		046A011D1A3ACF93002789B4 /* PBXTargetDependency */ = {
			isa = PBXTargetDependency;
			target = 046A01071A3ACF93002789B4 /* segment */;
			targetProxy = 046A011C1A3ACF93002789B4 /* PBXContainerItemProxy */;
		};
/* End PBXTargetDependency section */

/* Begin PBXVariantGroup section */
		046A01141A3ACF93002789B4 /* LaunchScreen.xib */ = {
			isa = PBXVariantGroup;
			children = (
				046A01151A3ACF93002789B4 /* Base */,
			);
			name = LaunchScreen.xib;
			sourceTree = "<group>";
		};
/* End PBXVariantGroup section */

/* Begin XCBuildConfiguration section */
		046A01231A3ACF93002789B4 /* Debug */ = {
			isa = XCBuildConfiguration;
			buildSettings = {
				ALWAYS_SEARCH_USER_PATHS = NO;
				CLANG_CXX_LANGUAGE_STANDARD = "gnu++0x";
				CLANG_CXX_LIBRARY = "libc++";
				CLANG_ENABLE_MODULES = YES;
				CLANG_ENABLE_OBJC_ARC = YES;
				CLANG_WARN_BOOL_CONVERSION = YES;
				CLANG_WARN_CONSTANT_CONVERSION = YES;
				CLANG_WARN_DIRECT_OBJC_ISA_USAGE = YES_ERROR;
				CLANG_WARN_EMPTY_BODY = YES;
				CLANG_WARN_ENUM_CONVERSION = YES;
				CLANG_WARN_INT_CONVERSION = YES;
				CLANG_WARN_OBJC_ROOT_CLASS = YES_ERROR;
				CLANG_WARN_UNREACHABLE_CODE = YES;
				CLANG_WARN__DUPLICATE_METHOD_MATCH = YES;
				"CODE_SIGN_IDENTITY[sdk=iphoneos*]" = "iPhone Developer";
				COPY_PHASE_STRIP = NO;
				ENABLE_STRICT_OBJC_MSGSEND = YES;
				GCC_C_LANGUAGE_STANDARD = gnu99;
				GCC_DYNAMIC_NO_PIC = NO;
				GCC_OPTIMIZATION_LEVEL = 0;
				GCC_PREPROCESSOR_DEFINITIONS = (
					"DEBUG=1",
					"$(inherited)",
				);
				GCC_SYMBOLS_PRIVATE_EXTERN = NO;
				GCC_WARN_64_TO_32_BIT_CONVERSION = YES;
				GCC_WARN_ABOUT_RETURN_TYPE = YES_ERROR;
				GCC_WARN_UNDECLARED_SELECTOR = YES;
				GCC_WARN_UNINITIALIZED_AUTOS = YES_AGGRESSIVE;
				GCC_WARN_UNUSED_FUNCTION = YES;
				GCC_WARN_UNUSED_VARIABLE = YES;
				IPHONEOS_DEPLOYMENT_TARGET = 8.1;
				MTL_ENABLE_DEBUG_INFO = YES;
				ONLY_ACTIVE_ARCH = YES;
				SDKROOT = iphoneos;
				TARGETED_DEVICE_FAMILY = "1,2";
			};
			name = Debug;
		};
		046A01241A3ACF93002789B4 /* Release */ = {
			isa = XCBuildConfiguration;
			buildSettings = {
				ALWAYS_SEARCH_USER_PATHS = NO;
				CLANG_CXX_LANGUAGE_STANDARD = "gnu++0x";
				CLANG_CXX_LIBRARY = "libc++";
				CLANG_ENABLE_MODULES = YES;
				CLANG_ENABLE_OBJC_ARC = YES;
				CLANG_WARN_BOOL_CONVERSION = YES;
				CLANG_WARN_CONSTANT_CONVERSION = YES;
				CLANG_WARN_DIRECT_OBJC_ISA_USAGE = YES_ERROR;
				CLANG_WARN_EMPTY_BODY = YES;
				CLANG_WARN_ENUM_CONVERSION = YES;
				CLANG_WARN_INT_CONVERSION = YES;
				CLANG_WARN_OBJC_ROOT_CLASS = YES_ERROR;
				CLANG_WARN_UNREACHABLE_CODE = YES;
				CLANG_WARN__DUPLICATE_METHOD_MATCH = YES;
				"CODE_SIGN_IDENTITY[sdk=iphoneos*]" = "iPhone Developer";
				COPY_PHASE_STRIP = YES;
				ENABLE_NS_ASSERTIONS = NO;
				ENABLE_STRICT_OBJC_MSGSEND = YES;
				GCC_C_LANGUAGE_STANDARD = gnu99;
				GCC_WARN_64_TO_32_BIT_CONVERSION = YES;
				GCC_WARN_ABOUT_RETURN_TYPE = YES_ERROR;
				GCC_WARN_UNDECLARED_SELECTOR = YES;
				GCC_WARN_UNINITIALIZED_AUTOS = YES_AGGRESSIVE;
				GCC_WARN_UNUSED_FUNCTION = YES;
				GCC_WARN_UNUSED_VARIABLE = YES;
				IPHONEOS_DEPLOYMENT_TARGET = 8.1;
				MTL_ENABLE_DEBUG_INFO = NO;
				SDKROOT = iphoneos;
				TARGETED_DEVICE_FAMILY = "1,2";
				VALIDATE_PRODUCT = YES;
			};
			name = Release;
		};
		046A01261A3ACF93002789B4 /* Debug */ = {
			isa = XCBuildConfiguration;
			buildSettings = {
				ASSETCATALOG_COMPILER_APPICON_NAME = AppIcon;
				INFOPLIST_FILE = segment/Info.plist;
				LD_RUNPATH_SEARCH_PATHS = "$(inherited) @executable_path/Frameworks";
				PRODUCT_NAME = "$(TARGET_NAME)";
			};
			name = Debug;
		};
		046A01271A3ACF93002789B4 /* Release */ = {
			isa = XCBuildConfiguration;
			buildSettings = {
				ASSETCATALOG_COMPILER_APPICON_NAME = AppIcon;
				INFOPLIST_FILE = segment/Info.plist;
				LD_RUNPATH_SEARCH_PATHS = "$(inherited) @executable_path/Frameworks";
				PRODUCT_NAME = "$(TARGET_NAME)";
			};
			name = Release;
		};
		046A01291A3ACF93002789B4 /* Debug */ = {
			isa = XCBuildConfiguration;
			buildSettings = {
				BUNDLE_LOADER = "$(TEST_HOST)";
				FRAMEWORK_SEARCH_PATHS = (
					"$(SDKROOT)/Developer/Library/Frameworks",
					"$(inherited)",
				);
				GCC_PREPROCESSOR_DEFINITIONS = (
					"DEBUG=1",
					"$(inherited)",
				);
				INFOPLIST_FILE = segmentTests/Info.plist;
				LD_RUNPATH_SEARCH_PATHS = "$(inherited) @executable_path/Frameworks @loader_path/Frameworks";
				PRODUCT_NAME = "$(TARGET_NAME)";
				TEST_HOST = "$(BUILT_PRODUCTS_DIR)/segment.app/segment";
			};
			name = Debug;
		};
		046A012A1A3ACF93002789B4 /* Release */ = {
			isa = XCBuildConfiguration;
			buildSettings = {
				BUNDLE_LOADER = "$(TEST_HOST)";
				FRAMEWORK_SEARCH_PATHS = (
					"$(SDKROOT)/Developer/Library/Frameworks",
					"$(inherited)",
				);
				INFOPLIST_FILE = segmentTests/Info.plist;
				LD_RUNPATH_SEARCH_PATHS = "$(inherited) @executable_path/Frameworks @loader_path/Frameworks";
				PRODUCT_NAME = "$(TARGET_NAME)";
				TEST_HOST = "$(BUILT_PRODUCTS_DIR)/segment.app/segment";
			};
			name = Release;
		};
/* End XCBuildConfiguration section */

/* Begin XCConfigurationList section */
		046A01031A3ACF93002789B4 /* Build configuration list for PBXProject "segment" */ = {
			isa = XCConfigurationList;
			buildConfigurations = (
				046A01231A3ACF93002789B4 /* Debug */,
				046A01241A3ACF93002789B4 /* Release */,
			);
			defaultConfigurationIsVisible = 0;
			defaultConfigurationName = Release;
		};
		046A01251A3ACF93002789B4 /* Build configuration list for PBXNativeTarget "segment" */ = {
			isa = XCConfigurationList;
			buildConfigurations = (
				046A01261A3ACF93002789B4 /* Debug */,
				046A01271A3ACF93002789B4 /* Release */,
			);
			defaultConfigurationIsVisible = 0;
		};
		046A01281A3ACF93002789B4 /* Build configuration list for PBXNativeTarget "segmentTests" */ = {
			isa = XCConfigurationList;
			buildConfigurations = (
				046A01291A3ACF93002789B4 /* Debug */,
				046A012A1A3ACF93002789B4 /* Release */,
			);
			defaultConfigurationIsVisible = 0;
		};
/* End XCConfigurationList section */
	};
	rootObject = 046A01001A3ACF93002789B4 /* Project object */;
}
